Microsoft Visual Studio Solution File, Format Version 12.00
# Visual Studio Version 17
VisualStudioVersion = 17.5.2.0
MinimumVisualStudioVersion = 10.0.40219.1
Project("{2150E333-8FDC-42A3-9474-1A3956D46DE8}") = "apps", "apps", "{1787FE1D-075E-9E68-7218-25F1BD1BBEAB}"
EndProject
Project("{2150E333-8FDC-42A3-9474-1A3956D46DE8}") = "api", "api", "{BC2D172B-13BC-136C-CDB1-4B1A687208C4}"
EndProject
Project("{FAE04EC0-301F-11D3-BF4B-00C04F79EFBC}") = "VenueSpeed.Api", "apps\api\VenueSpeed.Api\VenueSpeed.Api.csproj", "{0A9C8297-4766-D133-CD9C-F7B3BAA77E23}"
EndProject
Global
	GlobalSection(SolutionConfigurationPlatforms) = preSolution
		Debug|Any CPU = Debug|Any CPU
		Release|Any CPU = Release|Any CPU
	EndGlobalSection
	GlobalSection(ProjectConfigurationPlatforms) = postSolution
		{0A9C8297-4766-D133-CD9C-F7B3BAA77E23}.Debug|Any CPU.ActiveCfg = Debug|Any CPU
		{0A9C8297-4766-D133-CD9C-F7B3BAA77E23}.Debug|Any CPU.Build.0 = Debug|Any CPU
		{0A9C8297-4766-D133-CD9C-F7B3BAA77E23}.Release|Any CPU.ActiveCfg = Release|Any CPU
		{0A9C8297-4766-D133-CD9C-F7B3BAA77E23}.Release|Any CPU.Build.0 = Release|Any CPU
	EndGlobalSection
	GlobalSection(SolutionProperties) = preSolution
		HideSolutionNode = FALSE
	EndGlobalSection
	GlobalSection(NestedProjects) = preSolution
		{BC2D172B-13BC-136C-CDB1-4B1A687208C4} = {1787FE1D-075E-9E68-7218-25F1BD1BBEAB}
		{0A9C8297-4766-D133-CD9C-F7B3BAA77E23} = {BC2D172B-13BC-136C-CDB1-4B1A687208C4}
	EndGlobalSection
	GlobalSection(ExtensibilityGlobals) = postSolution
		SolutionGuid = {4D19B8F1-991C-4370-899D-3B8D43E4539F}
	EndGlobalSection
EndGlobal
